<?xml version="1.0" encoding="utf-8"?>
<Project ToolsVersion="4.0" xmlns="http://schemas.microsoft.com/developer/msbuild/2003">
  <ItemGroup>
    <Filter Include="PreCompile">
      <UniqueIdentifier>{f0e8099d-e100-4fce-808b-c3a7ac7cef68}</UniqueIdentifier>
    </Filter>
    <Filter Include="Server">
      <UniqueIdentifier>{ad3e62d2-1664-443c-891a-aa0e83fe942c}</UniqueIdentifier>
    </Filter>
    <Filter Include="Common">
      <UniqueIdentifier>{aaf3b6d0-5d43-4af7-bf06-2f1277ef1937}</UniqueIdentifier>
    </Filter>
  </ItemGroup>
  <ItemGroup>
    <ClCompile Include="pch.cpp">
      <Filter>PreCompile</Filter>
    </ClCompile>
    <ClCompile Include="CChattingServer.cpp">
      <Filter>Server</Filter>
    </ClCompile>
    <ClCompile Include="main.cpp">
      <Filter>PreCompile</Filter>
    </ClCompile>
    <ClCompile Include="..\Common\CLog.cpp">
      <Filter>Common</Filter>
    </ClCompile>
  </ItemGroup>
  <ItemGroup>
    <ClInclude Include="pch.h">
      <Filter>PreCompile</Filter>
    </ClInclude>
    <ClInclude Include="CChattingServer.h">
      <Filter>Server</Filter>
    </ClInclude>
    <ClInclude Include="..\Common\CLog.h">
      <Filter>Common</Filter>
    </ClInclude>
  </ItemGroup>
</Project>